
Microsoft Visual Studio Solution File, Format Version 12.00
# Visual Studio 15
VisualStudioVersion = 15.0.28307.757
MinimumVisualStudioVersion = 10.0.40219.1
Project("{FAE04EC0-301F-11D3-BF4B-00C04F79EFBC}") = "laba2_kpiyap", "laba2_kpiyap\laba2_kpiyap.csproj", "{02EC7628-5FF9-4562-A0C4-1DCA780FB27E}"
EndProject
Global
	GlobalSection(SolutionConfigurationPlatforms) = preSolution
		Debug|Any CPU = Debug|Any CPU
		Release|Any CPU = Release|Any CPU
	EndGlobalSection
	GlobalSection(ProjectConfigurationPlatforms) = postSolution
		{02EC7628-5FF9-4562-A0C4-1DCA780FB27E}.Debug|Any CPU.ActiveCfg = Debug|Any CPU
		{02EC7628-5FF9-4562-A0C4-1DCA780FB27E}.Debug|Any CPU.Build.0 = Debug|Any CPU
		{02EC7628-5FF9-4562-A0C4-1DCA780FB27E}.Release|Any CPU.ActiveCfg = Release|Any CPU
		{02EC7628-5FF9-4562-A0C4-1DCA780FB27E}.Release|Any CPU.Build.0 = Release|Any CPU
	EndGlobalSection
	GlobalSection(SolutionProperties) = preSolution
		HideSolutionNode = FALSE
	EndGlobalSection
	GlobalSection(ExtensibilityGlobals) = postSolution
		SolutionGuid = {3460619B-2313-4DA3-84CE-4F162057AC01}
	EndGlobalSection
EndGlobal
